Microsoft Visual Studio Solution File, Format Version 11.00
# Visual Studio 2008

Project("{EDE3D672-1237-F8B6-EA03-280AFB8491FC}") = "Clase11-Prototipado", "Assembly-CSharp.csproj", "{354405A5-2492-BB99-4D6C-3DDBC90F9EF9}"
EndProject
Global
	GlobalSection(SolutionConfigurationPlatforms) = preSolution
		Debug|Any CPU = Debug|Any CPU
		Release|Any CPU = Release|Any CPU
	EndGlobalSection
	GlobalSection(ProjectConfigurationPlatforms) = postSolution
		{354405A5-2492-BB99-4D6C-3DDBC90F9EF9}.Debug|Any CPU.ActiveCfg = Debug|Any CPU
		{354405A5-2492-BB99-4D6C-3DDBC90F9EF9}.Debug|Any CPU.Build.0 = Debug|Any CPU
		{354405A5-2492-BB99-4D6C-3DDBC90F9EF9}.Release|Any CPU.ActiveCfg = Release|Any CPU
		{354405A5-2492-BB99-4D6C-3DDBC90F9EF9}.Release|Any CPU.Build.0 = Release|Any CPU
	EndGlobalSection
	GlobalSection(SolutionProperties) = preSolution
		HideSolutionNode = FALSE
	EndGlobalSection
	GlobalSection(MonoDevelopProperties) = preSolution
		StartupItem = Assembly-CSharp.csproj
	EndGlobalSection
EndGlobal
